
Microsoft Visual Studio Solution File, Format Version 11.00
# Visual Web Developer Express 2010
Project("{FAE04EC0-301F-11D3-BF4B-00C04F79EFBC}") = "Mittagessen.Web", "Mittagessen.Web\Mittagessen.Web.csproj", "{441DF07C-97A8-4978-9AB9-72526B6C8565}"
EndProject
Project("{FAE04EC0-301F-11D3-BF4B-00C04F79EFBC}") = "Mittagessen.Data", "Mittagessen.Data\Mittagessen.Data.csproj", "{D1ABCC0E-AB0D-4F48-83C3-B213CBAD339A}"
EndProject
Project("{FAE04EC0-301F-11D3-BF4B-00C04F79EFBC}") = "Mittagessen.Tests", "Mittagessen.Tests\Mittagessen.Tests.csproj", "{2D20704D-AA21-41E9-B557-F460306A2FE4}"
EndProject
Global
	GlobalSection(SolutionConfigurationPlatforms) = preSolution
		Debug|Any CPU = Debug|Any CPU
		Release|Any CPU = Release|Any CPU
	EndGlobalSection
	GlobalSection(ProjectConfigurationPlatforms) = postSolution
		{441DF07C-97A8-4978-9AB9-72526B6C8565}.Debug|Any CPU.ActiveCfg = Debug|Any CPU
		{441DF07C-97A8-4978-9AB9-72526B6C8565}.Debug|Any CPU.Build.0 = Debug|Any CPU
		{441DF07C-97A8-4978-9AB9-72526B6C8565}.Release|Any CPU.ActiveCfg = Release|Any CPU
		{441DF07C-97A8-4978-9AB9-72526B6C8565}.Release|Any CPU.Build.0 = Release|Any CPU
		{D1ABCC0E-AB0D-4F48-83C3-B213CBAD339A}.Debug|Any CPU.ActiveCfg = Debug|Any CPU
		{D1ABCC0E-AB0D-4F48-83C3-B213CBAD339A}.Debug|Any CPU.Build.0 = Debug|Any CPU
		{D1ABCC0E-AB0D-4F48-83C3-B213CBAD339A}.Release|Any CPU.ActiveCfg = Release|Any CPU
		{D1ABCC0E-AB0D-4F48-83C3-B213CBAD339A}.Release|Any CPU.Build.0 = Release|Any CPU
		{2D20704D-AA21-41E9-B557-F460306A2FE4}.Debug|Any CPU.ActiveCfg = Debug|Any CPU
		{2D20704D-AA21-41E9-B557-F460306A2FE4}.Debug|Any CPU.Build.0 = Debug|Any CPU
		{2D20704D-AA21-41E9-B557-F460306A2FE4}.Release|Any CPU.ActiveCfg = Release|Any CPU
		{2D20704D-AA21-41E9-B557-F460306A2FE4}.Release|Any CPU.Build.0 = Release|Any CPU
	EndGlobalSection
	GlobalSection(SolutionProperties) = preSolution
		HideSolutionNode = FALSE
	EndGlobalSection
EndGlobal
